PODS:
  - AFNetworking (4.0.0):
    - AFNetworking/NSURLSession (= 4.0.0)
    - AFNetworking/Reachability (= 4.0.0)
    - AFNetworking/Security (= 4.0.0)
    - AFNetworking/Serialization (= 4.0.0)
    - AFNetworking/UIKit (= 4.0.0)
  - AFNetworking/NSURLSession (4.0.0):
    - AFNetworking/Reachability
    - AFNetworking/Security
    - AFNetworking/Serialization
  - AFNetworking/Reachability (4.0.0)
  - AFNetworking/Security (4.0.0)
  - AFNetworking/Serialization (4.0.0)
  - AFNetworking/UIKit (4.0.0):
    - AFNetworking/NSURLSession
  - OCMock (3.6)
  - SocketRocket (0.5.1)

DEPENDENCIES:
  - AFNetworking (= 4.0.0)
  - OCMock
  - SocketRocket (= 0.5.1)

SPEC REPOS:
  trunk:
    - AFNetworking
    - OCMock
    - SocketRocket

SPEC CHECKSUMS:
  AFNetworking: d9fdf484a3c723ec3c558a41cc5754c7e845ee77
  OCMock: 5ea90566be239f179ba766fd9fbae5885040b992
  SocketRocket: d57c7159b83c3c6655745cd15302aa24b6bae531

PODFILE CHECKSUM: 43403390539427bb57ec56b636ff32d76519ff7e

COCOAPODS: 1.8.4
